
Microsoft Visual Studio Solution File, Format Version 12.00
# Visual Studio Version 17
VisualStudioVersion = 17.0.31717.71
MinimumVisualStudioVersion = 10.0.40219.1
Project("{9A19103F-16F7-4668-BE54-9A1E7A4F7556}") = "Hedwig Api", "Hedwig Api.csproj", "{0FDB9574-B154-41CA-BDE0-2CB8516F1BBB}"
EndProject
Global
	GlobalSection(SolutionConfigurationPlatforms) = preSolution
		Debug|Any CPU = Debug|Any CPU
		Release|Any CPU = Release|Any CPU
	EndGlobalSection
	GlobalSection(ProjectConfigurationPlatforms) = postSolution
		{0FDB9574-B154-41CA-BDE0-2CB8516F1BBB}.Debug|Any CPU.ActiveCfg = Debug|Any CPU
		{0FDB9574-B154-41CA-BDE0-2CB8516F1BBB}.Debug|Any CPU.Build.0 = Debug|Any CPU
		{0FDB9574-B154-41CA-BDE0-2CB8516F1BBB}.Release|Any CPU.ActiveCfg = Release|Any CPU
		{0FDB9574-B154-41CA-BDE0-2CB8516F1BBB}.Release|Any CPU.Build.0 = Release|Any CPU
	EndGlobalSection
	GlobalSection(SolutionProperties) = preSolution
		HideSolutionNode = FALSE
	EndGlobalSection
	GlobalSection(ExtensibilityGlobals) = postSolution
		SolutionGuid = {13ED9B3F-E095-45C6-B35C-FE78EAEDC95B}
	EndGlobalSection
EndGlobal
